
Microsoft Visual Studio Solution File, Format Version 12.00
# Visual Studio Version 17
VisualStudioVersion = 17.11.35103.136
MinimumVisualStudioVersion = 10.0.40219.1
Project("{9A19103F-16F7-4668-BE54-9A1E7A4F7556}") = "Ramstack.FileProviders", "Ramstack.FileProviders\Ramstack.FileProviders.csproj", "{8520CBBF-ECE9-46D0-B4E9-33E55683AD72}"
EndProject
Project("{2150E333-8FDC-42A3-9474-1A3956D46DE8}") = "SolutionItems", "SolutionItems", "{478D1CF1-12A1-4B3E-B1CF-5F34BB79989D}"
	ProjectSection(SolutionItems) = preProject
		.editorconfig = .editorconfig
		.gitignore = .gitignore
		Directory.Build.props = Directory.Build.props
		LICENSE = LICENSE
		README.md = README.md
	EndProjectSection
EndProject
Project("{9A19103F-16F7-4668-BE54-9A1E7A4F7556}") = "Ramstack.FileProviders.Tests", "Ramstack.FileProviders.Tests\Ramstack.FileProviders.Tests.csproj", "{768EFD0B-5306-4F5E-9E7C-52F0B10B1E22}"
EndProject
Global
	GlobalSection(SolutionConfigurationPlatforms) = preSolution
		Debug|Any CPU = Debug|Any CPU
		Release|Any CPU = Release|Any CPU
	EndGlobalSection
	GlobalSection(ProjectConfigurationPlatforms) = postSolution
		{8520CBBF-ECE9-46D0-B4E9-33E55683AD72}.Debug|Any CPU.ActiveCfg = Debug|Any CPU
		{8520CBBF-ECE9-46D0-B4E9-33E55683AD72}.Debug|Any CPU.Build.0 = Debug|Any CPU
		{8520CBBF-ECE9-46D0-B4E9-33E55683AD72}.Release|Any CPU.ActiveCfg = Release|Any CPU
		{8520CBBF-ECE9-46D0-B4E9-33E55683AD72}.Release|Any CPU.Build.0 = Release|Any CPU
		{768EFD0B-5306-4F5E-9E7C-52F0B10B1E22}.Debug|Any CPU.ActiveCfg = Debug|Any CPU
		{768EFD0B-5306-4F5E-9E7C-52F0B10B1E22}.Debug|Any CPU.Build.0 = Debug|Any CPU
		{768EFD0B-5306-4F5E-9E7C-52F0B10B1E22}.Release|Any CPU.ActiveCfg = Release|Any CPU
		{768EFD0B-5306-4F5E-9E7C-52F0B10B1E22}.Release|Any CPU.Build.0 = Release|Any CPU
	EndGlobalSection
	GlobalSection(SolutionProperties) = preSolution
		HideSolutionNode = FALSE
	EndGlobalSection
	GlobalSection(ExtensibilityGlobals) = postSolution
		SolutionGuid = {B4B772EB-04D5-46D8-81E5-A77BE4E9AAB0}
	EndGlobalSection
EndGlobal
